
Microsoft Visual Studio Solution File, Format Version 12.00
# Visual Studio Version 16
VisualStudioVersion = 16.0.31129.286
MinimumVisualStudioVersion = 10.0.40219.1
Project("{8BC9CEB8-8B4A-11D0-8D11-00A0C91BC942}") = "SharedPtrSample", "SharedPtrSample\SharedPtrSample.vcxproj", "{46F72528-117A-4CB8-AEEC-62F86160013F}"
EndProject
Global
	GlobalSection(SolutionConfigurationPlatforms) = preSolution
		Debug|x64 = Debug|x64
		Debug|x86 = Debug|x86
		Release|x64 = Release|x64
		Release|x86 = Release|x86
	EndGlobalSection
	GlobalSection(ProjectConfigurationPlatforms) = postSolution
		{46F72528-117A-4CB8-AEEC-62F86160013F}.Debug|x64.ActiveCfg = Debug|x64
		{46F72528-117A-4CB8-AEEC-62F86160013F}.Debug|x64.Build.0 = Debug|x64
		{46F72528-117A-4CB8-AEEC-62F86160013F}.Debug|x86.ActiveCfg = Debug|Win32
		{46F72528-117A-4CB8-AEEC-62F86160013F}.Debug|x86.Build.0 = Debug|Win32
		{46F72528-117A-4CB8-AEEC-62F86160013F}.Release|x64.ActiveCfg = Release|x64
		{46F72528-117A-4CB8-AEEC-62F86160013F}.Release|x64.Build.0 = Release|x64
		{46F72528-117A-4CB8-AEEC-62F86160013F}.Release|x86.ActiveCfg = Release|Win32
		{46F72528-117A-4CB8-AEEC-62F86160013F}.Release|x86.Build.0 = Release|Win32
	EndGlobalSection
	GlobalSection(SolutionProperties) = preSolution
		HideSolutionNode = FALSE
	EndGlobalSection
	GlobalSection(ExtensibilityGlobals) = postSolution
		SolutionGuid = {32335D92-0FB9-48E8-B748-241EE140CB16}
	EndGlobalSection
EndGlobal
